Microsoft Visual Studio Solution File, Format Version 7.00
Project("{8BC9CEB8-8B4A-11D0-8D11-00A0C91BC942}") = "dnetmod", "dnetmod.vcproj", "{B1E23BFF-ADED-428F-BF38-E8EE2B9C9920}"
EndProject
Project("{8BC9CEB8-8B4A-11D0-8D11-00A0C91BC942}") = "dnmtest", "dnmtest.vcproj", "{A9BDE214-C592-4A61-9B51-4257234CCE31}"
EndProject
Global
	GlobalSection(SolutionConfiguration) = preSolution
		ConfigName.0 = Debug
		ConfigName.1 = Release
	EndGlobalSection
	GlobalSection(ProjectDependencies) = postSolution
		{A9BDE214-C592-4A61-9B51-4257234CCE31}.0 = {B1E23BFF-ADED-428F-BF38-E8EE2B9C9920}
	EndGlobalSection
	GlobalSection(ProjectConfiguration) = postSolution
		{B1E23BFF-ADED-428F-BF38-E8EE2B9C9920}.Debug.ActiveCfg = Debug|Win32
		{B1E23BFF-ADED-428F-BF38-E8EE2B9C9920}.Debug.Build.0 = Debug|Win32
		{B1E23BFF-ADED-428F-BF38-E8EE2B9C9920}.Release.ActiveCfg = Release|Win32
		{B1E23BFF-ADED-428F-BF38-E8EE2B9C9920}.Release.Build.0 = Release|Win32
		{A9BDE214-C592-4A61-9B51-4257234CCE31}.Debug.ActiveCfg = Debug|Win32
		{A9BDE214-C592-4A61-9B51-4257234CCE31}.Debug.Build.0 = Debug|Win32
		{A9BDE214-C592-4A61-9B51-4257234CCE31}.Release.ActiveCfg = Release|Win32
		{A9BDE214-C592-4A61-9B51-4257234CCE31}.Release.Build.0 = Release|Win32
	EndGlobalSection
	GlobalSection(ExtensibilityGlobals) = postSolution
	EndGlobalSection
	GlobalSection(ExtensibilityAddIns) = postSolution
	EndGlobalSection
EndGlobal
